
Microsoft Visual Studio Solution File, Format Version 12.00
# Visual Studio Version 16
VisualStudioVersion = 16.0.30611.23
MinimumVisualStudioVersion = 10.0.40219.1
Project("{FAE04EC0-301F-11D3-BF4B-00C04F79EFBC}") = "ImageApp", "ImageApp\ImageApp.csproj", "{E10DE6F2-13C3-4C10-9B5E-91C9913E5E3B}"
EndProject
Project("{FAE04EC0-301F-11D3-BF4B-00C04F79EFBC}") = "ImageAppTests", "ImageAppTests\ImageAppTests.csproj", "{BD98F57D-6291-424C-AF64-94BC5353AE90}"
EndProject
Project("{9A19103F-16F7-4668-BE54-9A1E7A4F7556}") = "ImageLib", "ImageLib\ImageLib.csproj", "{2D9D8388-CE52-49CF-953B-E468FE8969FE}"
EndProject
Global
	GlobalSection(SolutionConfigurationPlatforms) = preSolution
		Debug|Any CPU = Debug|Any CPU
		Release|Any CPU = Release|Any CPU
	EndGlobalSection
	GlobalSection(ProjectConfigurationPlatforms) = postSolution
		{E10DE6F2-13C3-4C10-9B5E-91C9913E5E3B}.Debug|Any CPU.ActiveCfg = Debug|Any CPU
		{E10DE6F2-13C3-4C10-9B5E-91C9913E5E3B}.Debug|Any CPU.Build.0 = Debug|Any CPU
		{E10DE6F2-13C3-4C10-9B5E-91C9913E5E3B}.Release|Any CPU.ActiveCfg = Release|Any CPU
		{E10DE6F2-13C3-4C10-9B5E-91C9913E5E3B}.Release|Any CPU.Build.0 = Release|Any CPU
		{BD98F57D-6291-424C-AF64-94BC5353AE90}.Debug|Any CPU.ActiveCfg = Debug|Any CPU
		{BD98F57D-6291-424C-AF64-94BC5353AE90}.Debug|Any CPU.Build.0 = Debug|Any CPU
		{BD98F57D-6291-424C-AF64-94BC5353AE90}.Release|Any CPU.ActiveCfg = Release|Any CPU
		{BD98F57D-6291-424C-AF64-94BC5353AE90}.Release|Any CPU.Build.0 = Release|Any CPU
		{2D9D8388-CE52-49CF-953B-E468FE8969FE}.Debug|Any CPU.ActiveCfg = Debug|Any CPU
		{2D9D8388-CE52-49CF-953B-E468FE8969FE}.Debug|Any CPU.Build.0 = Debug|Any CPU
		{2D9D8388-CE52-49CF-953B-E468FE8969FE}.Release|Any CPU.ActiveCfg = Release|Any CPU
		{2D9D8388-CE52-49CF-953B-E468FE8969FE}.Release|Any CPU.Build.0 = Release|Any CPU
	EndGlobalSection
	GlobalSection(SolutionProperties) = preSolution
		HideSolutionNode = FALSE
	EndGlobalSection
	GlobalSection(ExtensibilityGlobals) = postSolution
		SolutionGuid = {AC8FC6DF-81AC-44EB-9FAE-FC09068CC75A}
	EndGlobalSection
EndGlobal
