
Microsoft Visual Studio Solution File, Format Version 12.00
# Visual Studio Version 16
VisualStudioVersion = 16.0.30611.23
MinimumVisualStudioVersion = 10.0.40219.1
Project("{FAE04EC0-301F-11D3-BF4B-00C04F79EFBC}") = "ImageLib", "ImageLib\ImageLib.csproj", "{6B13450D-91D8-4D88-BA57-8AC1B901CA99}"
EndProject
Project("{FAE04EC0-301F-11D3-BF4B-00C04F79EFBC}") = "ImageLibTests", "ImageLibTests\ImageLibTests.csproj", "{9FB28173-36BA-4867-8BA9-F099C8A768C2}"
EndProject
Global
	GlobalSection(SolutionConfigurationPlatforms) = preSolution
		Debug|Any CPU = Debug|Any CPU
		Release|Any CPU = Release|Any CPU
	EndGlobalSection
	GlobalSection(ProjectConfigurationPlatforms) = postSolution
		{6B13450D-91D8-4D88-BA57-8AC1B901CA99}.Debug|Any CPU.ActiveCfg = Debug|Any CPU
		{6B13450D-91D8-4D88-BA57-8AC1B901CA99}.Debug|Any CPU.Build.0 = Debug|Any CPU
		{6B13450D-91D8-4D88-BA57-8AC1B901CA99}.Release|Any CPU.ActiveCfg = Release|Any CPU
		{6B13450D-91D8-4D88-BA57-8AC1B901CA99}.Release|Any CPU.Build.0 = Release|Any CPU
		{9FB28173-36BA-4867-8BA9-F099C8A768C2}.Debug|Any CPU.ActiveCfg = Debug|Any CPU
		{9FB28173-36BA-4867-8BA9-F099C8A768C2}.Debug|Any CPU.Build.0 = Debug|Any CPU
		{9FB28173-36BA-4867-8BA9-F099C8A768C2}.Release|Any CPU.ActiveCfg = Release|Any CPU
		{9FB28173-36BA-4867-8BA9-F099C8A768C2}.Release|Any CPU.Build.0 = Release|Any CPU
	EndGlobalSection
	GlobalSection(SolutionProperties) = preSolution
		HideSolutionNode = FALSE
	EndGlobalSection
	GlobalSection(ExtensibilityGlobals) = postSolution
		SolutionGuid = {AC8FC6DF-81AC-44EB-9FAE-FC09068CC75A}
	EndGlobalSection
EndGlobal
